{
  "name": "Tutorial",
  "lockfileVersion": 3,
  "requires": true,
  "packages": {
    "": {
      "dependencies": {
        "talkify-tts": "^4.0.0"
      }
    },
    "node_modules/talkify-tts": {
      "version": "4.0.0",
      "resolved": "https://registry.npmjs.org/talkify-tts/-/talkify-tts-4.0.0.tgz",
      "integrity": "sha512-Ud/IvF5p4KnEvujgMGA/DZu2EDM2obbMYmu8uAWwFSHTbSxCUm+p+S8Pica8/W9FouFI5qWJvmrOPBYPDV/1Zg=="
    }
  }
}
